
Microsoft Visual Studio Solution File, Format Version 12.00
# Visual Studio Version 17
VisualStudioVersion = 17.9.34714.143
MinimumVisualStudioVersion = 10.0.40219.1
Project("{FAE04EC0-301F-11D3-BF4B-00C04F79EFBC}") = "AmountToWordsMulti", "AmountToWordsMulti\AmountToWordsMulti.csproj", "{C769278B-7C95-462D-A0C6-89D27F34C665}"
EndProject
Global
	GlobalSection(SolutionConfigurationPlatforms) = preSolution
		Debug|Any CPU = Debug|Any CPU
		Release|Any CPU = Release|Any CPU
	EndGlobalSection
	GlobalSection(ProjectConfigurationPlatforms) = postSolution
		{C769278B-7C95-462D-A0C6-89D27F34C665}.Debug|Any CPU.ActiveCfg = Debug|Any CPU
		{C769278B-7C95-462D-A0C6-89D27F34C665}.Debug|Any CPU.Build.0 = Debug|Any CPU
		{C769278B-7C95-462D-A0C6-89D27F34C665}.Release|Any CPU.ActiveCfg = Release|Any CPU
		{C769278B-7C95-462D-A0C6-89D27F34C665}.Release|Any CPU.Build.0 = Release|Any CPU
	EndGlobalSection
	GlobalSection(SolutionProperties) = preSolution
		HideSolutionNode = FALSE
	EndGlobalSection
	GlobalSection(ExtensibilityGlobals) = postSolution
		SolutionGuid = {8AB14A18-75C7-41F8-8C7A-530F7AF75A98}
	EndGlobalSection
EndGlobal
